
Microsoft Visual Studio Solution File, Format Version 12.00
# Visual Studio Version 17
VisualStudioVersion = 17.14.36327.8 d17.14
MinimumVisualStudioVersion = 10.0.40219.1
Project("{FAE04EC0-301F-11D3-BF4B-00C04F79EFBC}") = "FlashCard", "FlashCard.csproj", "{BA9B4B34-A692-4C31-AFC3-9B4E5AFEF182}"
EndProject
Global
	GlobalSection(SolutionConfigurationPlatforms) = preSolution
		Debug|Any CPU = Debug|Any CPU
		Release|Any CPU = Release|Any CPU
	EndGlobalSection
	GlobalSection(ProjectConfigurationPlatforms) = postSolution
		{BA9B4B34-A692-4C31-AFC3-9B4E5AFEF182}.Debug|Any CPU.ActiveCfg = Debug|Any CPU
		{BA9B4B34-A692-4C31-AFC3-9B4E5AFEF182}.Debug|Any CPU.Build.0 = Debug|Any CPU
		{BA9B4B34-A692-4C31-AFC3-9B4E5AFEF182}.Debug|Any CPU.Deploy.0 = Debug|Any CPU
		{BA9B4B34-A692-4C31-AFC3-9B4E5AFEF182}.Release|Any CPU.ActiveCfg = Release|Any CPU
		{BA9B4B34-A692-4C31-AFC3-9B4E5AFEF182}.Release|Any CPU.Build.0 = Release|Any CPU
		{BA9B4B34-A692-4C31-AFC3-9B4E5AFEF182}.Release|Any CPU.Deploy.0 = Release|Any CPU
	EndGlobalSection
	GlobalSection(SolutionProperties) = preSolution
		HideSolutionNode = FALSE
	EndGlobalSection
	GlobalSection(ExtensibilityGlobals) = postSolution
		SolutionGuid = {78CA0D79-F73E-4724-8BED-9698007AC659}
	EndGlobalSection
EndGlobal
